# This file is generated by running "yarn install" inside your project.
# Manual changes might be lost - proceed with caution!

__metadata:
  version: 8
  cacheKey: 10c0

"@firanorg/bookish-broccoli@workspace:.":
  version: 0.0.0-use.local
  resolution: "@firanorg/bookish-broccoli@workspace:."
  dependencies:
    "@firanorg/scaling-goggles": "npm:^2.1.7"
  languageName: unknown
  linkType: soft

"@firanorg/scaling-goggles@npm:^2.1.6, @firanorg/scaling-goggles@npm:^2.1.7":
  version: 2.1.7
  resolution: "@firanorg/scaling-goggles@npm:2.1.7"
  dependencies:
    "@firanorg/scaling-goggles": "npm:^2.1.6"
  checksum: 10c0/183044dcb1519e002bad5aded771f002fc6c366cb1edb6f3cd51c1f11af46d6d0fb346c444f31aaac17d11bece9553b964ba0f989615b06359f5895b5a8cb5cd
  languageName: node
  linkType: hard
