# This file is generated by running "yarn install" inside your project.
# Manual changes might be lost - proceed with caution!

__metadata:
  version: 8
  cacheKey: 10c0

"@firanorg/bookish-broccoli@workspace:.":
  version: 0.0.0-use.local
  resolution: "@firanorg/bookish-broccoli@workspace:."
  dependencies:
    "@firanorg/scaling-goggles": "npm:^1.0.1"
  languageName: unknown
  linkType: soft

"@firanorg/scaling-goggles@npm:^1.0.1":
  version: 1.0.1
  resolution: "@firanorg/scaling-goggles@npm:1.0.1"
  checksum: 10c0/4be8219e653638081e59042218bb55f7d149ba64615ebfd7bdeba96caa1f6211f93986f12f46830d8dbdea6454f36ddf99d88cb8b875bb30dbe0069c87a5f421
  languageName: node
  linkType: hard
